// !$*UTF8*$!
{
	archiveVersion = 1;
	classes = {
	};
	objectVersion = 55;
	objects = {

/* Begin PBXBuildFile section */
		5EE68BB0471A1519AAE55481 /* PantherSecurity in Frameworks */ = {isa = PBXBuildFile; productRef = ADD4367B22F1400DC2D2C4BC /* PantherSecurity */; };
		F8077D7C1DC3D8D47D4CF493 /* SampleApp.swift in Sources */ = {isa = PBXBuildFile; fileRef = C57863AD27FD4842632C67C9 /* SampleApp.swift */; };
/* End PBXBuildFile section */

/* Begin PBXCopyFilesBuildPhase section */
		6E9761BB34F68FDFE1BE36BE /* Embed Frameworks */ = {
			isa = PBXCopyFilesBuildPhase;
			buildActionMask = 2147483647;
			dstPath = "";
			dstSubfolderSpec = 10;
			files = (
			);
			name = "Embed Frameworks";
			runOnlyForDeploymentPostprocessing = 0;
		};
/* End PBXCopyFilesBuildPhase section */

/* Begin PBXFileReference section */
		2AA12EFDEA3D790629ED9A05 /* MobileAppSecSample-Info.plist */ = {isa = PBXFileReference; lastKnownFileType = text.plist; path = "MobileAppSecSample-Info.plist"; sourceTree = "<group>"; };
		5E44E14533A90BF3EFB2C69E /* MobileAppSecSample.app */ = {isa = PBXFileReference; explicitFileType = wrapper.application; includeInIndex = 0; path = MobileAppSecSample.app; sourceTree = BUILT_PRODUCTS_DIR; };
		97C5BDC1579A81F2FC4BB3B4 /* ios */ = {isa = PBXFileReference; lastKnownFileType = folder; name = ios; path = ../../mobile/ios; sourceTree = "<group>"; };
		C57863AD27FD4842632C67C9 /* SampleApp.swift */ = {isa = PBXFileReference; lastKnownFileType = sourcecode.swift; path = SampleApp.swift; sourceTree = "<group>"; };
/* End PBXFileReference section */

/* Begin PBXFrameworksBuildPhase section */
		7214A4EDF8F5999B8DCDF291 /* Frameworks */ = {
			isa = PBXFrameworksBuildPhase;
			buildActionMask = 2147483647;
			files = (
				5EE68BB0471A1519AAE55481 /* PantherSecurity in Frameworks */,
			);
			runOnlyForDeploymentPostprocessing = 0;
		};
/* End PBXFrameworksBuildPhase section */

/* Begin PBXGroup section */
		03879BBE6CDBECE7F6D6265F /* Sources */ = {
			isa = PBXGroup;
			children = (
				C3DA8A3FC3555A8DAC5AF3FB /* SampleApp */,
			);
			path = Sources;
			sourceTree = "<group>";
		};
		5BB315DFA840D7630EFC0C60 /* InfoPlists */ = {
			isa = PBXGroup;
			children = (
				2AA12EFDEA3D790629ED9A05 /* MobileAppSecSample-Info.plist */,
			);
			path = InfoPlists;
			sourceTree = "<group>";
		};
		5BB6B8ADAE57FB24310B204F /* Products */ = {
			isa = PBXGroup;
			children = (
				5E44E14533A90BF3EFB2C69E /* MobileAppSecSample.app */,
			);
			name = Products;
			sourceTree = "<group>";
		};
		633B02C4E3305446957B176C /* Packages */ = {
			isa = PBXGroup;
			children = (
				97C5BDC1579A81F2FC4BB3B4 /* ios */,
			);
			name = Packages;
			sourceTree = "<group>";
		};
		682E9E61E92B721CEB449398 = {
			isa = PBXGroup;
			children = (
				5BB6B8ADAE57FB24310B204F /* Products */,
				D08BF4F269F776E4CBD999C7 /* Project */,
				633B02C4E3305446957B176C /* Packages */,
			);
			sourceTree = "<group>";
		};
		B35E550CA83C6B4E18383DCE /* Derived */ = {
			isa = PBXGroup;
			children = (
				5BB315DFA840D7630EFC0C60 /* InfoPlists */,
			);
			path = Derived;
			sourceTree = "<group>";
		};
		C3DA8A3FC3555A8DAC5AF3FB /* SampleApp */ = {
			isa = PBXGroup;
			children = (
				C57863AD27FD4842632C67C9 /* SampleApp.swift */,
			);
			path = SampleApp;
			sourceTree = "<group>";
		};
		D08BF4F269F776E4CBD999C7 /* Project */ = {
			isa = PBXGroup;
			children = (
				B35E550CA83C6B4E18383DCE /* Derived */,
				03879BBE6CDBECE7F6D6265F /* Sources */,
			);
			name = Project;
			sourceTree = "<group>";
		};
/* End PBXGroup section */

/* Begin PBXNativeTarget section */
		19B71A59D2762BCFC1C4FA3C /* MobileAppSecSample */ = {
			isa = PBXNativeTarget;
			buildConfigurationList = DD3EDBAC612510E48BF4B015 /* Build configuration list for PBXNativeTarget "MobileAppSecSample" */;
			buildPhases = (
				6DA1F4A236D9AF1F4C5C2BFF /* Sources */,
				49DC2C5197D75AF381CAFCD7 /* Resources */,
				7214A4EDF8F5999B8DCDF291 /* Frameworks */,
				6E9761BB34F68FDFE1BE36BE /* Embed Frameworks */,
			);
			buildRules = (
			);
			dependencies = (
			);
			name = MobileAppSecSample;
			packageProductDependencies = (
				ADD4367B22F1400DC2D2C4BC /* PantherSecurity */,
			);
			productName = MobileAppSecSample;
			productReference = 5E44E14533A90BF3EFB2C69E /* MobileAppSecSample.app */;
			productType = "com.apple.product-type.application";
		};
/* End PBXNativeTarget section */

/* Begin PBXProject section */
		E0D6F124F421EEB3B46971A4 /* Project object */ = {
			isa = PBXProject;
			attributes = {
				BuildIndependentTargetsInParallel = YES;
				TargetAttributes = {
				};
			};
			buildConfigurationList = 54DBE0D5C3209CCB377BB702 /* Build configuration list for PBXProject "MobileAppSecSample" */;
			compatibilityVersion = "Xcode 14.0";
			developmentRegion = en;
			hasScannedForEncodings = 0;
			knownRegions = (
				Base,
				en,
			);
			mainGroup = 682E9E61E92B721CEB449398;
			packageReferences = (
				5C31DC4CCB7383DCB7BB64AE /* XCLocalSwiftPackageReference ".." */,
			);
			productRefGroup = 5BB6B8ADAE57FB24310B204F /* Products */;
			projectDirPath = "";
			projectRoot = "";
			targets = (
				19B71A59D2762BCFC1C4FA3C /* MobileAppSecSample */,
			);
		};
/* End PBXProject section */

/* Begin PBXResourcesBuildPhase section */
		49DC2C5197D75AF381CAFCD7 /* Resources */ = {
			isa = PBXResourcesBuildPhase;
			buildActionMask = 2147483647;
			files = (
			);
			runOnlyForDeploymentPostprocessing = 0;
		};
/* End PBXResourcesBuildPhase section */

/* Begin PBXSourcesBuildPhase section */
		6DA1F4A236D9AF1F4C5C2BFF /* Sources */ = {
			isa = PBXSourcesBuildPhase;
			buildActionMask = 2147483647;
			files = (
				F8077D7C1DC3D8D47D4CF493 /* SampleApp.swift in Sources */,
			);
			runOnlyForDeploymentPostprocessing = 0;
		};
/* End PBXSourcesBuildPhase section */

/* Begin XCBuildConfiguration section */
		67E76D0673F0328108E41122 /* Release */ = {
			isa = XCBuildConfiguration;
			buildSettings = {
				ALWAYS_SEARCH_USER_PATHS = NO;
				CLANG_ANALYZER_LOCALIZABILITY_NONLOCALIZED = YES;
				CLANG_ANALYZER_NONNULL = YES;
				CLANG_ANALYZER_NUMBER_OBJECT_CONVERSION = YES_AGGRESSIVE;
				CLANG_CXX_LANGUAGE_STANDARD = "gnu++14";
				CLANG_CXX_LIBRARY = "libc++";
				CLANG_ENABLE_MODULES = YES;
				CLANG_ENABLE_OBJC_ARC = YES;
				CLANG_ENABLE_OBJC_WEAK = YES;
				CLANG_WARN_BLOCK_CAPTURE_AUTORELEASING = YES;
				CLANG_WARN_BOOL_CONVERSION = YES;
				CLANG_WARN_COMMA = YES;
				CLANG_WARN_CONSTANT_CONVERSION = YES;
				CLANG_WARN_DEPRECATED_OBJC_IMPLEMENTATIONS = YES;
				CLANG_WARN_DIRECT_OBJC_ISA_USAGE = YES_ERROR;
				CLANG_WARN_DOCUMENTATION_COMMENTS = YES;
				CLANG_WARN_EMPTY_BODY = YES;
				CLANG_WARN_ENUM_CONVERSION = YES;
				CLANG_WARN_INFINITE_RECURSION = YES;
				CLANG_WARN_INT_CONVERSION = YES;
				CLANG_WARN_NON_LITERAL_NULL_CONVERSION = YES;
				CLANG_WARN_OBJC_IMPLICIT_RETAIN_SELF = YES;
				CLANG_WARN_OBJC_LITERAL_CONVERSION = YES;
				CLANG_WARN_OBJC_ROOT_CLASS = YES_ERROR;
				CLANG_WARN_QUOTED_INCLUDE_IN_FRAMEWORK_HEADER = YES;
				CLANG_WARN_RANGE_LOOP_ANALYSIS = YES;
				CLANG_WARN_STRICT_PROTOTYPES = YES;
				CLANG_WARN_SUSPICIOUS_MOVE = YES;
				CLANG_WARN_UNGUARDED_AVAILABILITY = YES_AGGRESSIVE;
				CLANG_WARN_UNREACHABLE_CODE = YES;
				CLANG_WARN__DUPLICATE_METHOD_MATCH = YES;
				COPY_PHASE_STRIP = NO;
				DEAD_CODE_STRIPPING = YES;
				DEBUG_INFORMATION_FORMAT = "dwarf-with-dsym";
				ENABLE_NS_ASSERTIONS = NO;
				ENABLE_STRICT_OBJC_MSGSEND = YES;
				GCC_C_LANGUAGE_STANDARD = gnu11;
				GCC_NO_COMMON_BLOCKS = YES;
				GCC_WARN_64_TO_32_BIT_CONVERSION = YES;
				GCC_WARN_ABOUT_RETURN_TYPE = YES_ERROR;
				GCC_WARN_UNDECLARED_SELECTOR = YES;
				GCC_WARN_UNINITIALIZED_AUTOS = YES_AGGRESSIVE;
				GCC_WARN_UNUSED_FUNCTION = YES;
				GCC_WARN_UNUSED_VARIABLE = YES;
				MTL_ENABLE_DEBUG_INFO = NO;
				PRODUCT_NAME = "$(TARGET_NAME)";
				VALIDATE_PRODUCT = YES;
			};
			name = Release;
		};
		8D7538ECF0D3D64ECDF84F1F /* Debug */ = {
			isa = XCBuildConfiguration;
			buildSettings = {
				ALWAYS_SEARCH_USER_PATHS = NO;
				CLANG_ANALYZER_LOCALIZABILITY_NONLOCALIZED = YES;
				CLANG_ANALYZER_NONNULL = YES;
				CLANG_ANALYZER_NUMBER_OBJECT_CONVERSION = YES_AGGRESSIVE;
				CLANG_CXX_LANGUAGE_STANDARD = "gnu++14";
				CLANG_CXX_LIBRARY = "libc++";
				CLANG_ENABLE_MODULES = YES;
				CLANG_ENABLE_OBJC_ARC = YES;
				CLANG_ENABLE_OBJC_WEAK = YES;
				CLANG_WARN_BLOCK_CAPTURE_AUTORELEASING = YES;
				CLANG_WARN_BOOL_CONVERSION = YES;
				CLANG_WARN_COMMA = YES;
				CLANG_WARN_CONSTANT_CONVERSION = YES;
				CLANG_WARN_DEPRECATED_OBJC_IMPLEMENTATIONS = YES;
				CLANG_WARN_DIRECT_OBJC_ISA_USAGE = YES_ERROR;
				CLANG_WARN_DOCUMENTATION_COMMENTS = YES;
				CLANG_WARN_EMPTY_BODY = YES;
				CLANG_WARN_ENUM_CONVERSION = YES;
				CLANG_WARN_INFINITE_RECURSION = YES;
				CLANG_WARN_INT_CONVERSION = YES;
				CLANG_WARN_NON_LITERAL_NULL_CONVERSION = YES;
				CLANG_WARN_OBJC_IMPLICIT_RETAIN_SELF = YES;
				CLANG_WARN_OBJC_LITERAL_CONVERSION = YES;
				CLANG_WARN_OBJC_ROOT_CLASS = YES_ERROR;
				CLANG_WARN_QUOTED_INCLUDE_IN_FRAMEWORK_HEADER = YES;
				CLANG_WARN_RANGE_LOOP_ANALYSIS = YES;
				CLANG_WARN_STRICT_PROTOTYPES = YES;
				CLANG_WARN_SUSPICIOUS_MOVE = YES;
				CLANG_WARN_UNGUARDED_AVAILABILITY = YES_AGGRESSIVE;
				CLANG_WARN_UNREACHABLE_CODE = YES;
				CLANG_WARN__DUPLICATE_METHOD_MATCH = YES;
				COPY_PHASE_STRIP = NO;
				DEAD_CODE_STRIPPING = YES;
				DEBUG_INFORMATION_FORMAT = dwarf;
				ENABLE_STRICT_OBJC_MSGSEND = YES;
				ENABLE_TESTABILITY = YES;
				GCC_C_LANGUAGE_STANDARD = gnu11;
				GCC_DYNAMIC_NO_PIC = NO;
				GCC_NO_COMMON_BLOCKS = YES;
				GCC_OPTIMIZATION_LEVEL = 0;
				GCC_PREPROCESSOR_DEFINITIONS = (
					"DEBUG=1",
					"$(inherited)",
				);
				GCC_WARN_64_TO_32_BIT_CONVERSION = YES;
				GCC_WARN_ABOUT_RETURN_TYPE = YES_ERROR;
				GCC_WARN_UNDECLARED_SELECTOR = YES;
				GCC_WARN_UNINITIALIZED_AUTOS = YES_AGGRESSIVE;
				GCC_WARN_UNUSED_FUNCTION = YES;
				GCC_WARN_UNUSED_VARIABLE = YES;
				MTL_ENABLE_DEBUG_INFO = YES;
				ONLY_ACTIVE_ARCH = YES;
				PRODUCT_NAME = "$(TARGET_NAME)";
			};
			name = Debug;
		};
		9B636244C4BF97E9DA5F7552 /* Debug */ = {
			isa = XCBuildConfiguration;
			buildSettings = {
				ASSETCATALOG_COMPILER_APPICON_NAME = AppIcon;
				ASSETCATALOG_COMPILER_GLOBAL_ACCENT_COLOR_NAME = AccentColor;
				CODE_SIGN_IDENTITY = "iPhone Developer";
				ENABLE_PREVIEWS = YES;
				INFOPLIST_FILE = "Derived/InfoPlists/MobileAppSecSample-Info.plist";
				IPHONEOS_DEPLOYMENT_TARGET = 16.0;
				LD_RUNPATH_SEARCH_PATHS = (
					"$(inherited)",
					"@executable_path/Frameworks",
				);
				PRODUCT_BUNDLE_IDENTIFIER = com.panther.mobileappsecsample;
				PRODUCT_NAME = MobileAppSecSample;
				SDKROOT = iphoneos;
				SUPPORTS_MACCATALYST = NO;
				SUPPORTS_MAC_DESIGNED_FOR_IPHONE_IPAD = YES;
				SUPPORTS_XR_DESIGNED_FOR_IPHONE_IPAD = NO;
				SWIFT_ACTIVE_COMPILATION_CONDITIONS = (
					"$(inherited)",
					DEBUG,
				);
				SWIFT_COMPILATION_MODE = singlefile;
				SWIFT_OPTIMIZATION_LEVEL = "-Onone";
				SWIFT_VERSION = 5.0;
				TARGETED_DEVICE_FAMILY = "1,2";
			};
			name = Debug;
		};
		CDD54FF5E3DCA724D92E91A6 /* Release */ = {
			isa = XCBuildConfiguration;
			buildSettings = {
				ASSETCATALOG_COMPILER_APPICON_NAME = AppIcon;
				ASSETCATALOG_COMPILER_GLOBAL_ACCENT_COLOR_NAME = AccentColor;
				CODE_SIGN_IDENTITY = "iPhone Developer";
				ENABLE_PREVIEWS = YES;
				INFOPLIST_FILE = "Derived/InfoPlists/MobileAppSecSample-Info.plist";
				IPHONEOS_DEPLOYMENT_TARGET = 16.0;
				LD_RUNPATH_SEARCH_PATHS = (
					"$(inherited)",
					"@executable_path/Frameworks",
				);
				PRODUCT_BUNDLE_IDENTIFIER = com.panther.mobileappsecsample;
				PRODUCT_NAME = MobileAppSecSample;
				SDKROOT = iphoneos;
				SUPPORTS_MACCATALYST = NO;
				SUPPORTS_MAC_DESIGNED_FOR_IPHONE_IPAD = YES;
				SUPPORTS_XR_DESIGNED_FOR_IPHONE_IPAD = NO;
				SWIFT_COMPILATION_MODE = wholemodule;
				SWIFT_OPTIMIZATION_LEVEL = "-O";
				SWIFT_VERSION = 5.0;
				TARGETED_DEVICE_FAMILY = "1,2";
			};
			name = Release;
		};
/* End XCBuildConfiguration section */

/* Begin XCConfigurationList section */
		54DBE0D5C3209CCB377BB702 /* Build configuration list for PBXProject "MobileAppSecSample" */ = {
			isa = XCConfigurationList;
			buildConfigurations = (
				8D7538ECF0D3D64ECDF84F1F /* Debug */,
				67E76D0673F0328108E41122 /* Release */,
			);
			defaultConfigurationIsVisible = 0;
			defaultConfigurationName = Release;
		};
		DD3EDBAC612510E48BF4B015 /* Build configuration list for PBXNativeTarget "MobileAppSecSample" */ = {
			isa = XCConfigurationList;
			buildConfigurations = (
				9B636244C4BF97E9DA5F7552 /* Debug */,
				CDD54FF5E3DCA724D92E91A6 /* Release */,
			);
			defaultConfigurationIsVisible = 0;
			defaultConfigurationName = Release;
		};
/* End XCConfigurationList section */

/* Begin XCLocalSwiftPackageReference section */
		5C31DC4CCB7383DCB7BB64AE /* XCLocalSwiftPackageReference ".." */ = {
			isa = XCLocalSwiftPackageReference;
			relativePath = ..;
		};
/* End XCLocalSwiftPackageReference section */

/* Begin XCSwiftPackageProductDependency section */
		ADD4367B22F1400DC2D2C4BC /* PantherSecurity */ = {
			isa = XCSwiftPackageProductDependency;
			productName = PantherSecurity;
		};
/* End XCSwiftPackageProductDependency section */
	};
	rootObject = E0D6F124F421EEB3B46971A4 /* Project object */;
}
